
Microsoft Visual Studio Solution File, Format Version 12.00
# Visual Studio Version 16
VisualStudioVersion = 16.0.29215.179
MinimumVisualStudioVersion = 10.0.40219.1
Project("{9A19103F-16F7-4668-BE54-9A1E7A4F7556}") = "HITScheduleMaster", "HITScheduleMaster\HITScheduleMaster.csproj", "{B95F04B3-C42A-485E-89A4-D01429B406C5}"
EndProject
Project("{9A19103F-16F7-4668-BE54-9A1E7A4F7556}") = "HITScheduleMasterCLI", "HITScheduleMasterCLI\HITScheduleMasterCLI.csproj", "{F9DE89DE-7201-4A8B-83C1-D099FA15672D}"
EndProject
Project("{9A19103F-16F7-4668-BE54-9A1E7A4F7556}") = "ScheduleTranslator", "ScheduleTranslator\ScheduleTranslator.csproj", "{94D665B1-E2B2-4444-BB1C-7DD0499811F0}"
EndProject
Global
	GlobalSection(SolutionConfigurationPlatforms) = preSolution
		Debug|Any CPU = Debug|Any CPU
		Debug|ARM = Debug|ARM
		Debug|ARM64 = Debug|ARM64
		Debug|x64 = Debug|x64
		Debug|x86 = Debug|x86
		Release|Any CPU = Release|Any CPU
		Release|ARM = Release|ARM
		Release|ARM64 = Release|ARM64
		Release|x64 = Release|x64
		Release|x86 = Release|x86
	EndGlobalSection
	GlobalSection(ProjectConfigurationPlatforms) = postSolution
		{B95F04B3-C42A-485E-89A4-D01429B406C5}.Debug|Any CPU.ActiveCfg = Debug|Any CPU
		{B95F04B3-C42A-485E-89A4-D01429B406C5}.Debug|Any CPU.Build.0 = Debug|Any CPU
		{B95F04B3-C42A-485E-89A4-D01429B406C5}.Debug|ARM.ActiveCfg = Debug|Any CPU
		{B95F04B3-C42A-485E-89A4-D01429B406C5}.Debug|ARM.Build.0 = Debug|Any CPU
		{B95F04B3-C42A-485E-89A4-D01429B406C5}.Debug|ARM64.ActiveCfg = Debug|Any CPU
		{B95F04B3-C42A-485E-89A4-D01429B406C5}.Debug|ARM64.Build.0 = Debug|Any CPU
		{B95F04B3-C42A-485E-89A4-D01429B406C5}.Debug|x64.ActiveCfg = Debug|Any CPU
		{B95F04B3-C42A-485E-89A4-D01429B406C5}.Debug|x64.Build.0 = Debug|Any CPU
		{B95F04B3-C42A-485E-89A4-D01429B406C5}.Debug|x86.ActiveCfg = Debug|Any CPU
		{B95F04B3-C42A-485E-89A4-D01429B406C5}.Debug|x86.Build.0 = Debug|Any CPU
		{B95F04B3-C42A-485E-89A4-D01429B406C5}.Release|Any CPU.ActiveCfg = Release|Any CPU
		{B95F04B3-C42A-485E-89A4-D01429B406C5}.Release|Any CPU.Build.0 = Release|Any CPU
		{B95F04B3-C42A-485E-89A4-D01429B406C5}.Release|ARM.ActiveCfg = Release|Any CPU
		{B95F04B3-C42A-485E-89A4-D01429B406C5}.Release|ARM.Build.0 = Release|Any CPU
		{B95F04B3-C42A-485E-89A4-D01429B406C5}.Release|ARM64.ActiveCfg = Release|Any CPU
		{B95F04B3-C42A-485E-89A4-D01429B406C5}.Release|ARM64.Build.0 = Release|Any CPU
		{B95F04B3-C42A-485E-89A4-D01429B406C5}.Release|x64.ActiveCfg = Release|Any CPU
		{B95F04B3-C42A-485E-89A4-D01429B406C5}.Release|x64.Build.0 = Release|Any CPU
		{B95F04B3-C42A-485E-89A4-D01429B406C5}.Release|x86.ActiveCfg = Release|Any CPU
		{B95F04B3-C42A-485E-89A4-D01429B406C5}.Release|x86.Build.0 = Release|Any CPU
		{F9DE89DE-7201-4A8B-83C1-D099FA15672D}.Debug|Any CPU.ActiveCfg = Debug|Any CPU
		{F9DE89DE-7201-4A8B-83C1-D099FA15672D}.Debug|Any CPU.Build.0 = Debug|Any CPU
		{F9DE89DE-7201-4A8B-83C1-D099FA15672D}.Debug|ARM.ActiveCfg = Debug|Any CPU
		{F9DE89DE-7201-4A8B-83C1-D099FA15672D}.Debug|ARM.Build.0 = Debug|Any CPU
		{F9DE89DE-7201-4A8B-83C1-D099FA15672D}.Debug|ARM64.ActiveCfg = Debug|Any CPU
		{F9DE89DE-7201-4A8B-83C1-D099FA15672D}.Debug|ARM64.Build.0 = Debug|Any CPU
		{F9DE89DE-7201-4A8B-83C1-D099FA15672D}.Debug|x64.ActiveCfg = Debug|Any CPU
		{F9DE89DE-7201-4A8B-83C1-D099FA15672D}.Debug|x64.Build.0 = Debug|Any CPU
		{F9DE89DE-7201-4A8B-83C1-D099FA15672D}.Debug|x86.ActiveCfg = Debug|Any CPU
		{F9DE89DE-7201-4A8B-83C1-D099FA15672D}.Debug|x86.Build.0 = Debug|Any CPU
		{F9DE89DE-7201-4A8B-83C1-D099FA15672D}.Release|Any CPU.ActiveCfg = Release|Any CPU
		{F9DE89DE-7201-4A8B-83C1-D099FA15672D}.Release|Any CPU.Build.0 = Release|Any CPU
		{F9DE89DE-7201-4A8B-83C1-D099FA15672D}.Release|ARM.ActiveCfg = Release|Any CPU
		{F9DE89DE-7201-4A8B-83C1-D099FA15672D}.Release|ARM.Build.0 = Release|Any CPU
		{F9DE89DE-7201-4A8B-83C1-D099FA15672D}.Release|ARM64.ActiveCfg = Release|Any CPU
		{F9DE89DE-7201-4A8B-83C1-D099FA15672D}.Release|ARM64.Build.0 = Release|Any CPU
		{F9DE89DE-7201-4A8B-83C1-D099FA15672D}.Release|x64.ActiveCfg = Release|Any CPU
		{F9DE89DE-7201-4A8B-83C1-D099FA15672D}.Release|x64.Build.0 = Release|Any CPU
		{F9DE89DE-7201-4A8B-83C1-D099FA15672D}.Release|x86.ActiveCfg = Release|Any CPU
		{F9DE89DE-7201-4A8B-83C1-D099FA15672D}.Release|x86.Build.0 = Release|Any CPU
		{94D665B1-E2B2-4444-BB1C-7DD0499811F0}.Debug|Any CPU.ActiveCfg = Debug|Any CPU
		{94D665B1-E2B2-4444-BB1C-7DD0499811F0}.Debug|Any CPU.Build.0 = Debug|Any CPU
		{94D665B1-E2B2-4444-BB1C-7DD0499811F0}.Debug|ARM.ActiveCfg = Debug|Any CPU
		{94D665B1-E2B2-4444-BB1C-7DD0499811F0}.Debug|ARM.Build.0 = Debug|Any CPU
		{94D665B1-E2B2-4444-BB1C-7DD0499811F0}.Debug|ARM64.ActiveCfg = Debug|Any CPU
		{94D665B1-E2B2-4444-BB1C-7DD0499811F0}.Debug|ARM64.Build.0 = Debug|Any CPU
		{94D665B1-E2B2-4444-BB1C-7DD0499811F0}.Debug|x64.ActiveCfg = Debug|Any CPU
		{94D665B1-E2B2-4444-BB1C-7DD0499811F0}.Debug|x64.Build.0 = Debug|Any CPU
		{94D665B1-E2B2-4444-BB1C-7DD0499811F0}.Debug|x86.ActiveCfg = Debug|Any CPU
		{94D665B1-E2B2-4444-BB1C-7DD0499811F0}.Debug|x86.Build.0 = Debug|Any CPU
		{94D665B1-E2B2-4444-BB1C-7DD0499811F0}.Release|Any CPU.ActiveCfg = Release|Any CPU
		{94D665B1-E2B2-4444-BB1C-7DD0499811F0}.Release|Any CPU.Build.0 = Release|Any CPU
		{94D665B1-E2B2-4444-BB1C-7DD0499811F0}.Release|ARM.ActiveCfg = Release|Any CPU
		{94D665B1-E2B2-4444-BB1C-7DD0499811F0}.Release|ARM.Build.0 = Release|Any CPU
		{94D665B1-E2B2-4444-BB1C-7DD0499811F0}.Release|ARM64.ActiveCfg = Release|Any CPU
		{94D665B1-E2B2-4444-BB1C-7DD0499811F0}.Release|ARM64.Build.0 = Release|Any CPU
		{94D665B1-E2B2-4444-BB1C-7DD0499811F0}.Release|x64.ActiveCfg = Release|Any CPU
		{94D665B1-E2B2-4444-BB1C-7DD0499811F0}.Release|x64.Build.0 = Release|Any CPU
		{94D665B1-E2B2-4444-BB1C-7DD0499811F0}.Release|x86.ActiveCfg = Release|Any CPU
		{94D665B1-E2B2-4444-BB1C-7DD0499811F0}.Release|x86.Build.0 = Release|Any CPU
	EndGlobalSection
	GlobalSection(SolutionProperties) = preSolution
		HideSolutionNode = FALSE
	EndGlobalSection
	GlobalSection(ExtensibilityGlobals) = postSolution
		SolutionGuid = {4CF24C46-9E66-4FBB-8C8A-9EA5BB328CDD}
	EndGlobalSection
EndGlobal
